// !$*UTF8*$!
{
	archiveVersion = 1;
	classes = {
	};
	objectVersion = 56;
	objects = {

/* Begin PBXBuildFile section */
		2BC611FD745DC1C9BF3848B8 /* Pods_Alco_Guide.framework in Frameworks */ = {isa = PBXBuildFile; fileRef = E10E05AABDE6AE1232AFB8F5 /* Pods_Alco_Guide.framework */; };
		730A002A2B04C2D300D57D05 /* AppDelegate.swift in Sources */ = {isa = PBXBuildFile; fileRef = 730A00292B04C2D300D57D05 /* AppDelegate.swift */; };
		730A002C2B04C2D300D57D05 /* SceneDelegate.swift in Sources */ = {isa = PBXBuildFile; fileRef = 730A002B2B04C2D300D57D05 /* SceneDelegate.swift */; };
		730A002E2B04C2D300D57D05 /* MapHomeViewController.swift in Sources */ = {isa = PBXBuildFile; fileRef = 730A002D2B04C2D300D57D05 /* MapHomeViewController.swift */; };
		730A00312B04C2D300D57D05 /* Main.storyboard in Resources */ = {isa = PBXBuildFile; fileRef = 730A002F2B04C2D300D57D05 /* Main.storyboard */; };
		730A00332B04C2D400D57D05 /* Assets.xcassets in Resources */ = {isa = PBXBuildFile; fileRef = 730A00322B04C2D400D57D05 /* Assets.xcassets */; };
		730A00362B04C2D400D57D05 /* LaunchScreen.storyboard in Resources */ = {isa = PBXBuildFile; fileRef = 730A00342B04C2D400D57D05 /* LaunchScreen.storyboard */; };
		73294D782B1854B500E5A0D1 /* SelectLocationView.swift in Sources */ = {isa = PBXBuildFile; fileRef = 73294D772B1854B500E5A0D1 /* SelectLocationView.swift */; };
		733C7F0D2B0A42F00097EAB1 /* MyScheduleDetailActivitiesTableViewCell.swift in Sources */ = {isa = PBXBuildFile; fileRef = 733C7F0C2B0A42F00097EAB1 /* MyScheduleDetailActivitiesTableViewCell.swift */; };
		733C7F132B0B60490097EAB1 /* MyScheduleDetailLocationNameTableViewCell.swift in Sources */ = {isa = PBXBuildFile; fileRef = 733C7F122B0B60490097EAB1 /* MyScheduleDetailLocationNameTableViewCell.swift */; };
		733C7F152B0B749B0097EAB1 /* MyScheduleDetailButtonTableViewCell.swift in Sources */ = {isa = PBXBuildFile; fileRef = 733C7F142B0B749B0097EAB1 /* MyScheduleDetailButtonTableViewCell.swift */; };
		734206FA2B04D8190030BA37 /* LoginViewController.swift in Sources */ = {isa = PBXBuildFile; fileRef = 734206F92B04D8190030BA37 /* LoginViewController.swift */; };
		734206FC2B04D99D0030BA37 /* UIColor+Extension.swift in Sources */ = {isa = PBXBuildFile; fileRef = 734206FB2B04D99D0030BA37 /* UIColor+Extension.swift */; };
		734206FE2B04EE230030BA37 /* TabBarController.swift in Sources */ = {isa = PBXBuildFile; fileRef = 734206FD2B04EE230030BA37 /* TabBarController.swift */; };
		734207002B04F0ED0030BA37 /* ChatViewController.swift in Sources */ = {isa = PBXBuildFile; fileRef = 734206FF2B04F0ED0030BA37 /* ChatViewController.swift */; };
		734207022B04F1010030BA37 /* MyScheduleViewController.swift in Sources */ = {isa = PBXBuildFile; fileRef = 734207012B04F1010030BA37 /* MyScheduleViewController.swift */; };
		734207042B04F1290030BA37 /* CocktailViewController.swift in Sources */ = {isa = PBXBuildFile; fileRef = 734207032B04F1290030BA37 /* CocktailViewController.swift */; };
		734207062B04F15F0030BA37 /* ProfileViewController.swift in Sources */ = {isa = PBXBuildFile; fileRef = 734207052B04F15F0030BA37 /* ProfileViewController.swift */; };
		734207082B05C1680030BA37 /* CoreLocation.framework in Frameworks */ = {isa = PBXBuildFile; fileRef = 734207072B05C1680030BA37 /* CoreLocation.framework */; };
		7342070A2B05D6340030BA37 /* CoreLocationManager.swift in Sources */ = {isa = PBXBuildFile; fileRef = 734207092B05D6340030BA37 /* CoreLocationManager.swift */; };
		7342070C2B05FE6F0030BA37 /* MapManager.swift in Sources */ = {isa = PBXBuildFile; fileRef = 7342070B2B05FE6F0030BA37 /* MapManager.swift */; };
		7342070E2B06080A0030BA37 /* LocationDetailViewController.swift in Sources */ = {isa = PBXBuildFile; fileRef = 7342070D2B06080A0030BA37 /* LocationDetailViewController.swift */; };
		734207172B0631E50030BA37 /* ShareScheduleView.swift in Sources */ = {isa = PBXBuildFile; fileRef = 734207162B0631E50030BA37 /* ShareScheduleView.swift */; };
		734207192B06346C0030BA37 /* AddNewScheduleView.swift in Sources */ = {isa = PBXBuildFile; fileRef = 734207182B06346C0030BA37 /* AddNewScheduleView.swift */; };
		7342071B2B06352B0030BA37 /* SelectScheduleView.swift in Sources */ = {isa = PBXBuildFile; fileRef = 7342071A2B06352B0030BA37 /* SelectScheduleView.swift */; };
		7342071D2B06365B0030BA37 /* JoinScheduleView.swift in Sources */ = {isa = PBXBuildFile; fileRef = 7342071C2B06365B0030BA37 /* JoinScheduleView.swift */; };
		73B912872B206F02003C6242 /* FirebaseAnalytics in Frameworks */ = {isa = PBXBuildFile; productRef = 73B912862B206F02003C6242 /* FirebaseAnalytics */; };
		73B912892B206F02003C6242 /* FirebaseAnalyticsOnDeviceConversion in Frameworks */ = {isa = PBXBuildFile; productRef = 73B912882B206F02003C6242 /* FirebaseAnalyticsOnDeviceConversion */; };
		73B9128B2B206F02003C6242 /* FirebaseAnalyticsSwift in Frameworks */ = {isa = PBXBuildFile; productRef = 73B9128A2B206F02003C6242 /* FirebaseAnalyticsSwift */; };
		73B9128D2B206F02003C6242 /* FirebaseAnalyticsWithoutAdIdSupport in Frameworks */ = {isa = PBXBuildFile; productRef = 73B9128C2B206F02003C6242 /* FirebaseAnalyticsWithoutAdIdSupport */; };
		73B9128F2B206F02003C6242 /* FirebaseAppCheck in Frameworks */ = {isa = PBXBuildFile; productRef = 73B9128E2B206F02003C6242 /* FirebaseAppCheck */; };
		73B912912B206F02003C6242 /* FirebaseAppDistribution-Beta in Frameworks */ = {isa = PBXBuildFile; productRef = 73B912902B206F02003C6242 /* FirebaseAppDistribution-Beta */; };
		73B912932B206F02003C6242 /* FirebaseAuth in Frameworks */ = {isa = PBXBuildFile; productRef = 73B912922B206F02003C6242 /* FirebaseAuth */; };
		73B912952B206F02003C6242 /* FirebaseAuthCombine-Community in Frameworks */ = {isa = PBXBuildFile; productRef = 73B912942B206F02003C6242 /* FirebaseAuthCombine-Community */; };
		73B912972B206F02003C6242 /* FirebaseCrashlytics in Frameworks */ = {isa = PBXBuildFile; productRef = 73B912962B206F02003C6242 /* FirebaseCrashlytics */; };
		73B912992B206F02003C6242 /* FirebaseDatabase in Frameworks */ = {isa = PBXBuildFile; productRef = 73B912982B206F02003C6242 /* FirebaseDatabase */; };
		73B9129B2B206F02003C6242 /* FirebaseDatabaseSwift in Frameworks */ = {isa = PBXBuildFile; productRef = 73B9129A2B206F02003C6242 /* FirebaseDatabaseSwift */; };
		73B9129D2B206F02003C6242 /* FirebaseDynamicLinks in Frameworks */ = {isa = PBXBuildFile; productRef = 73B9129C2B206F02003C6242 /* FirebaseDynamicLinks */; };
		73B9129F2B206F02003C6242 /* FirebaseFirestore in Frameworks */ = {isa = PBXBuildFile; productRef = 73B9129E2B206F02003C6242 /* FirebaseFirestore */; };
		73B912A12B206F02003C6242 /* FirebaseFirestoreCombine-Community in Frameworks */ = {isa = PBXBuildFile; productRef = 73B912A02B206F02003C6242 /* FirebaseFirestoreCombine-Community */; };
		73B912A32B206F02003C6242 /* FirebaseFirestoreSwift in Frameworks */ = {isa = PBXBuildFile; productRef = 73B912A22B206F02003C6242 /* FirebaseFirestoreSwift */; };
		73B912A52B206F02003C6242 /* FirebaseFunctions in Frameworks */ = {isa = PBXBuildFile; productRef = 73B912A42B206F02003C6242 /* FirebaseFunctions */; };
		73B912A72B206F02003C6242 /* FirebaseFunctionsCombine-Community in Frameworks */ = {isa = PBXBuildFile; productRef = 73B912A62B206F02003C6242 /* FirebaseFunctionsCombine-Community */; };
		73B912A92B206F02003C6242 /* FirebaseInAppMessaging-Beta in Frameworks */ = {isa = PBXBuildFile; productRef = 73B912A82B206F02003C6242 /* FirebaseInAppMessaging-Beta */; };
		73B912AB2B206F02003C6242 /* FirebaseInAppMessagingSwift-Beta in Frameworks */ = {isa = PBXBuildFile; productRef = 73B912AA2B206F02003C6242 /* FirebaseInAppMessagingSwift-Beta */; };
		73B912AD2B206F02003C6242 /* FirebaseInstallations in Frameworks */ = {isa = PBXBuildFile; productRef = 73B912AC2B206F02003C6242 /* FirebaseInstallations */; };
		73B912AF2B206F02003C6242 /* FirebaseMLModelDownloader in Frameworks */ = {isa = PBXBuildFile; productRef = 73B912AE2B206F02003C6242 /* FirebaseMLModelDownloader */; };
		73B912B12B206F02003C6242 /* FirebaseMessaging in Frameworks */ = {isa = PBXBuildFile; productRef = 73B912B02B206F02003C6242 /* FirebaseMessaging */; };
		73B912B32B206F02003C6242 /* FirebasePerformance in Frameworks */ = {isa = PBXBuildFile; productRef = 73B912B22B206F02003C6242 /* FirebasePerformance */; };
		73B912B52B206F02003C6242 /* FirebaseRemoteConfig in Frameworks */ = {isa = PBXBuildFile; productRef = 73B912B42B206F02003C6242 /* FirebaseRemoteConfig */; };
		73B912B72B206F02003C6242 /* FirebaseRemoteConfigSwift in Frameworks */ = {isa = PBXBuildFile; productRef = 73B912B62B206F02003C6242 /* FirebaseRemoteConfigSwift */; };
		73B912B92B206F02003C6242 /* FirebaseStorage in Frameworks */ = {isa = PBXBuildFile; productRef = 73B912B82B206F02003C6242 /* FirebaseStorage */; };
		73B912BB2B206F02003C6242 /* FirebaseStorageCombine-Community in Frameworks */ = {isa = PBXBuildFile; productRef = 73B912BA2B206F02003C6242 /* FirebaseStorageCombine-Community */; };
		73B912BD2B209D60003C6242 /* GoogleService-Info.plist in Resources */ = {isa = PBXBuildFile; fileRef = 73B912BC2B209D60003C6242 /* GoogleService-Info.plist */; };
		73B912BF2B20AC9F003C6242 /* UserInfo.swift in Sources */ = {isa = PBXBuildFile; fileRef = 73B912BE2B20AC9F003C6242 /* UserInfo.swift */; };
		73B912C72B21B455003C6242 /* LoginManager.swift in Sources */ = {isa = PBXBuildFile; fileRef = 73B912C62B21B455003C6242 /* LoginManager.swift */; };
		73BC5A6E2B07A16600DBB82B /* Model.swift in Sources */ = {isa = PBXBuildFile; fileRef = 73BC5A6D2B07A16600DBB82B /* Model.swift */; };
		73BC5A702B08B25500DBB82B /* DataManager.swift in Sources */ = {isa = PBXBuildFile; fileRef = 73BC5A6F2B08B25500DBB82B /* DataManager.swift */; };
		73BC5A732B08C96D00DBB82B /* MyScheduleCell.swift in Sources */ = {isa = PBXBuildFile; fileRef = 73BC5A722B08C96D00DBB82B /* MyScheduleCell.swift */; };
		73BC5A752B08EDE200DBB82B /* MyScheduleTableViewCell.swift in Sources */ = {isa = PBXBuildFile; fileRef = 73BC5A742B08EDE200DBB82B /* MyScheduleTableViewCell.swift */; };
		73BC5A772B08EEED00DBB82B /* MyScheduleDetailViewController.swift in Sources */ = {isa = PBXBuildFile; fileRef = 73BC5A762B08EEED00DBB82B /* MyScheduleDetailViewController.swift */; };
/* End PBXBuildFile section */

/* Begin PBXFileReference section */
		730A00262B04C2D300D57D05 /* Alco.Guide.app */ = {isa = PBXFileReference; explicitFileType = wrapper.application; includeInIndex = 0; path = Alco.Guide.app; sourceTree = BUILT_PRODUCTS_DIR; };
		730A00292B04C2D300D57D05 /* AppDelegate.swift */ = {isa = PBXFileReference; lastKnownFileType = sourcecode.swift; path = AppDelegate.swift; sourceTree = "<group>"; };
		730A002B2B04C2D300D57D05 /* SceneDelegate.swift */ = {isa = PBXFileReference; lastKnownFileType = sourcecode.swift; path = SceneDelegate.swift; sourceTree = "<group>"; };
		730A002D2B04C2D300D57D05 /* MapHomeViewController.swift */ = {isa = PBXFileReference; lastKnownFileType = sourcecode.swift; path = MapHomeViewController.swift; sourceTree = "<group>"; };
		730A00302B04C2D300D57D05 /* Base */ = {isa = PBXFileReference; lastKnownFileType = file.storyboard; name = Base; path = Base.lproj/Main.storyboard; sourceTree = "<group>"; };
		730A00322B04C2D400D57D05 /* Assets.xcassets */ = {isa = PBXFileReference; lastKnownFileType = folder.assetcatalog; path = Assets.xcassets; sourceTree = "<group>"; };
		730A00352B04C2D400D57D05 /* Base */ = {isa = PBXFileReference; lastKnownFileType = file.storyboard; name = Base; path = Base.lproj/LaunchScreen.storyboard; sourceTree = "<group>"; };
		730A00372B04C2D400D57D05 /* Info.plist */ = {isa = PBXFileReference; lastKnownFileType = text.plist.xml; path = Info.plist; sourceTree = "<group>"; };
		73294D772B1854B500E5A0D1 /* SelectLocationView.swift */ = {isa = PBXFileReference; lastKnownFileType = sourcecode.swift; path = SelectLocationView.swift; sourceTree = "<group>"; };
		733C7F0C2B0A42F00097EAB1 /* MyScheduleDetailActivitiesTableViewCell.swift */ = {isa = PBXFileReference; lastKnownFileType = sourcecode.swift; path = MyScheduleDetailActivitiesTableViewCell.swift; sourceTree = "<group>"; };
		733C7F122B0B60490097EAB1 /* MyScheduleDetailLocationNameTableViewCell.swift */ = {isa = PBXFileReference; lastKnownFileType = sourcecode.swift; path = MyScheduleDetailLocationNameTableViewCell.swift; sourceTree = "<group>"; };
		733C7F142B0B749B0097EAB1 /* MyScheduleDetailButtonTableViewCell.swift */ = {isa = PBXFileReference; lastKnownFileType = sourcecode.swift; path = MyScheduleDetailButtonTableViewCell.swift; sourceTree = "<group>"; };
		734206F92B04D8190030BA37 /* LoginViewController.swift */ = {isa = PBXFileReference; lastKnownFileType = sourcecode.swift; path = LoginViewController.swift; sourceTree = "<group>"; };
		734206FB2B04D99D0030BA37 /* UIColor+Extension.swift */ = {isa = PBXFileReference; lastKnownFileType = sourcecode.swift; path = "UIColor+Extension.swift"; sourceTree = "<group>"; };
		734206FD2B04EE230030BA37 /* TabBarController.swift */ = {isa = PBXFileReference; lastKnownFileType = sourcecode.swift; path = TabBarController.swift; sourceTree = "<group>"; };
		734206FF2B04F0ED0030BA37 /* ChatViewController.swift */ = {isa = PBXFileReference; lastKnownFileType = sourcecode.swift; path = ChatViewController.swift; sourceTree = "<group>"; };
		734207012B04F1010030BA37 /* MyScheduleViewController.swift */ = {isa = PBXFileReference; lastKnownFileType = sourcecode.swift; path = MyScheduleViewController.swift; sourceTree = "<group>"; };
		734207032B04F1290030BA37 /* CocktailViewController.swift */ = {isa = PBXFileReference; lastKnownFileType = sourcecode.swift; path = CocktailViewController.swift; sourceTree = "<group>"; };
		734207052B04F15F0030BA37 /* ProfileViewController.swift */ = {isa = PBXFileReference; lastKnownFileType = sourcecode.swift; path = ProfileViewController.swift; sourceTree = "<group>"; };
		734207072B05C1680030BA37 /* CoreLocation.framework */ = {isa = PBXFileReference; lastKnownFileType = wrapper.framework; name = CoreLocation.framework; path = System/Library/Frameworks/CoreLocation.framework; sourceTree = SDKROOT; };
		734207092B05D6340030BA37 /* CoreLocationManager.swift */ = {isa = PBXFileReference; lastKnownFileType = sourcecode.swift; path = CoreLocationManager.swift; sourceTree = "<group>"; };
		7342070B2B05FE6F0030BA37 /* MapManager.swift */ = {isa = PBXFileReference; lastKnownFileType = sourcecode.swift; path = MapManager.swift; sourceTree = "<group>"; };
		7342070D2B06080A0030BA37 /* LocationDetailViewController.swift */ = {isa = PBXFileReference; lastKnownFileType = sourcecode.swift; path = LocationDetailViewController.swift; sourceTree = "<group>"; };
		734207162B0631E50030BA37 /* ShareScheduleView.swift */ = {isa = PBXFileReference; lastKnownFileType = sourcecode.swift; path = ShareScheduleView.swift; sourceTree = "<group>"; };
		734207182B06346C0030BA37 /* AddNewScheduleView.swift */ = {isa = PBXFileReference; lastKnownFileType = sourcecode.swift; path = AddNewScheduleView.swift; sourceTree = "<group>"; };
		7342071A2B06352B0030BA37 /* SelectScheduleView.swift */ = {isa = PBXFileReference; lastKnownFileType = sourcecode.swift; path = SelectScheduleView.swift; sourceTree = "<group>"; };
		7342071C2B06365B0030BA37 /* JoinScheduleView.swift */ = {isa = PBXFileReference; lastKnownFileType = sourcecode.swift; path = JoinScheduleView.swift; sourceTree = "<group>"; };
		73B912BC2B209D60003C6242 /* GoogleService-Info.plist */ = {isa = PBXFileReference; fileEncoding = 4; lastKnownFileType = text.plist.xml; path = "GoogleService-Info.plist"; sourceTree = "<group>"; };
		73B912BE2B20AC9F003C6242 /* UserInfo.swift */ = {isa = PBXFileReference; lastKnownFileType = sourcecode.swift; path = UserInfo.swift; sourceTree = "<group>"; };
		73B912C62B21B455003C6242 /* LoginManager.swift */ = {isa = PBXFileReference; lastKnownFileType = sourcecode.swift; path = LoginManager.swift; sourceTree = "<group>"; };
		73BC5A6D2B07A16600DBB82B /* Model.swift */ = {isa = PBXFileReference; lastKnownFileType = sourcecode.swift; path = Model.swift; sourceTree = "<group>"; };
		73BC5A6F2B08B25500DBB82B /* DataManager.swift */ = {isa = PBXFileReference; lastKnownFileType = sourcecode.swift; path = DataManager.swift; sourceTree = "<group>"; };
		73BC5A722B08C96D00DBB82B /* MyScheduleCell.swift */ = {isa = PBXFileReference; lastKnownFileType = sourcecode.swift; path = MyScheduleCell.swift; sourceTree = "<group>"; };
		73BC5A742B08EDE200DBB82B /* MyScheduleTableViewCell.swift */ = {isa = PBXFileReference; lastKnownFileType = sourcecode.swift; path = MyScheduleTableViewCell.swift; sourceTree = "<group>"; };
		73BC5A762B08EEED00DBB82B /* MyScheduleDetailViewController.swift */ = {isa = PBXFileReference; lastKnownFileType = sourcecode.swift; path = MyScheduleDetailViewController.swift; sourceTree = "<group>"; };
		A70542C8FB22292566ABD1D2 /* Pods-Alco.Guide.release.xcconfig */ = {isa = PBXFileReference; includeInIndex = 1; lastKnownFileType = text.xcconfig; name = "Pods-Alco.Guide.release.xcconfig"; path = "Target Support Files/Pods-Alco.Guide/Pods-Alco.Guide.release.xcconfig"; sourceTree = "<group>"; };
		B2F788178EF46E0F799535FE /* Pods-Alco.Guide.debug.xcconfig */ = {isa = PBXFileReference; includeInIndex = 1; lastKnownFileType = text.xcconfig; name = "Pods-Alco.Guide.debug.xcconfig"; path = "Target Support Files/Pods-Alco.Guide/Pods-Alco.Guide.debug.xcconfig"; sourceTree = "<group>"; };
		E10E05AABDE6AE1232AFB8F5 /* Pods_Alco_Guide.framework */ = {isa = PBXFileReference; explicitFileType = wrapper.framework; includeInIndex = 0; path = Pods_Alco_Guide.framework; sourceTree = BUILT_PRODUCTS_DIR; };
/* End PBXFileReference section */

/* Begin PBXFrameworksBuildPhase section */
		730A00232B04C2D300D57D05 /* Frameworks */ = {
			isa = PBXFrameworksBuildPhase;
			buildActionMask = 2147483647;
			files = (
				73B912B12B206F02003C6242 /* FirebaseMessaging in Frameworks */,
				734207082B05C1680030BA37 /* CoreLocation.framework in Frameworks */,
				73B912A32B206F02003C6242 /* FirebaseFirestoreSwift in Frameworks */,
				73B9128D2B206F02003C6242 /* FirebaseAnalyticsWithoutAdIdSupport in Frameworks */,
				73B912A52B206F02003C6242 /* FirebaseFunctions in Frameworks */,
				2BC611FD745DC1C9BF3848B8 /* Pods_Alco_Guide.framework in Frameworks */,
				73B912872B206F02003C6242 /* FirebaseAnalytics in Frameworks */,
				73B912932B206F02003C6242 /* FirebaseAuth in Frameworks */,
				73B9129D2B206F02003C6242 /* FirebaseDynamicLinks in Frameworks */,
				73B912972B206F02003C6242 /* FirebaseCrashlytics in Frameworks */,
				73B912AF2B206F02003C6242 /* FirebaseMLModelDownloader in Frameworks */,
				73B9129B2B206F02003C6242 /* FirebaseDatabaseSwift in Frameworks */,
				73B9129F2B206F02003C6242 /* FirebaseFirestore in Frameworks */,
				73B912AD2B206F02003C6242 /* FirebaseInstallations in Frameworks */,
				73B912A72B206F02003C6242 /* FirebaseFunctionsCombine-Community in Frameworks */,
				73B912A12B206F02003C6242 /* FirebaseFirestoreCombine-Community in Frameworks */,
				73B912992B206F02003C6242 /* FirebaseDatabase in Frameworks */,
				73B912B32B206F02003C6242 /* FirebasePerformance in Frameworks */,
				73B9128F2B206F02003C6242 /* FirebaseAppCheck in Frameworks */,
				73B912892B206F02003C6242 /* FirebaseAnalyticsOnDeviceConversion in Frameworks */,
				73B912AB2B206F02003C6242 /* FirebaseInAppMessagingSwift-Beta in Frameworks */,
				73B912B72B206F02003C6242 /* FirebaseRemoteConfigSwift in Frameworks */,
				73B9128B2B206F02003C6242 /* FirebaseAnalyticsSwift in Frameworks */,
				73B912912B206F02003C6242 /* FirebaseAppDistribution-Beta in Frameworks */,
				73B912B52B206F02003C6242 /* FirebaseRemoteConfig in Frameworks */,
				73B912B92B206F02003C6242 /* FirebaseStorage in Frameworks */,
				73B912952B206F02003C6242 /* FirebaseAuthCombine-Community in Frameworks */,
				73B912BB2B206F02003C6242 /* FirebaseStorageCombine-Community in Frameworks */,
				73B912A92B206F02003C6242 /* FirebaseInAppMessaging-Beta in Frameworks */,
			);
			runOnlyForDeploymentPostprocessing = 0;
		};
/* End PBXFrameworksBuildPhase section */

/* Begin PBXGroup section */
		3EEDDB92210F0F83D1ABD91C /* Frameworks */ = {
			isa = PBXGroup;
			children = (
				734207072B05C1680030BA37 /* CoreLocation.framework */,
				E10E05AABDE6AE1232AFB8F5 /* Pods_Alco_Guide.framework */,
			);
			name = Frameworks;
			sourceTree = "<group>";
		};
		730A001D2B04C2D300D57D05 = {
			isa = PBXGroup;
			children = (
				730A00282B04C2D300D57D05 /* Alco.Guide */,
				730A00272B04C2D300D57D05 /* Products */,
				9FF5495AEA066DC6BC6D8761 /* Pods */,
				3EEDDB92210F0F83D1ABD91C /* Frameworks */,
			);
			sourceTree = "<group>";
		};
		730A00272B04C2D300D57D05 /* Products */ = {
			isa = PBXGroup;
			children = (
				730A00262B04C2D300D57D05 /* Alco.Guide.app */,
			);
			name = Products;
			sourceTree = "<group>";
		};
		730A00282B04C2D300D57D05 /* Alco.Guide */ = {
			isa = PBXGroup;
			children = (
				73BC5A722B08C96D00DBB82B /* MyScheduleCell.swift */,
				73B912C82B221CBF003C6242 /* MySchedulePage */,
				730A00292B04C2D300D57D05 /* AppDelegate.swift */,
				730A002B2B04C2D300D57D05 /* SceneDelegate.swift */,
				734206FD2B04EE230030BA37 /* TabBarController.swift */,
				7342070D2B06080A0030BA37 /* LocationDetailViewController.swift */,
				734207032B04F1290030BA37 /* CocktailViewController.swift */,
				73B912C22B218F34003C6242 /* MapPage */,
				73B9124A2B2052FA003C6242 /* LoginPage */,
				73B9124B2B205398003C6242 /* ProfilePage */,
				73B912442B205162003C6242 /* ChatPage */,
				73BC5A712B08B78100DBB82B /* Manager */,
				734206FB2B04D99D0030BA37 /* UIColor+Extension.swift */,
				73BC5A6D2B07A16600DBB82B /* Model.swift */,
				730A002F2B04C2D300D57D05 /* Main.storyboard */,
				730A00322B04C2D400D57D05 /* Assets.xcassets */,
				730A00342B04C2D400D57D05 /* LaunchScreen.storyboard */,
				730A00372B04C2D400D57D05 /* Info.plist */,
				73B912BC2B209D60003C6242 /* GoogleService-Info.plist */,
			);
			path = Alco.Guide;
			sourceTree = "<group>";
		};
		734207152B0631C70030BA37 /* Views */ = {
			isa = PBXGroup;
			children = (
				73294D772B1854B500E5A0D1 /* SelectLocationView.swift */,
				7342071A2B06352B0030BA37 /* SelectScheduleView.swift */,
				7342071C2B06365B0030BA37 /* JoinScheduleView.swift */,
				734207182B06346C0030BA37 /* AddNewScheduleView.swift */,
				734207162B0631E50030BA37 /* ShareScheduleView.swift */,
			);
			path = Views;
			sourceTree = "<group>";
		};
		73B912442B205162003C6242 /* ChatPage */ = {
			isa = PBXGroup;
			children = (
				73B912482B2051D1003C6242 /* ViewModels */,
				73B912472B2051C8003C6242 /* Models */,
				73B912462B2051BF003C6242 /* Views */,
				73B912452B20518C003C6242 /* Controllers */,
			);
			path = ChatPage;
			sourceTree = "<group>";
		};
		73B912452B20518C003C6242 /* Controllers */ = {
			isa = PBXGroup;
			children = (
				734206FF2B04F0ED0030BA37 /* ChatViewController.swift */,
			);
			path = Controllers;
			sourceTree = "<group>";
		};
		73B912462B2051BF003C6242 /* Views */ = {
			isa = PBXGroup;
			children = (
			);
			path = Views;
			sourceTree = "<group>";
		};
		73B912472B2051C8003C6242 /* Models */ = {
			isa = PBXGroup;
			children = (
			);
			path = Models;
			sourceTree = "<group>";
		};
		73B912482B2051D1003C6242 /* ViewModels */ = {
			isa = PBXGroup;
			children = (
			);
			path = ViewModels;
			sourceTree = "<group>";
		};
		73B9124A2B2052FA003C6242 /* LoginPage */ = {
			isa = PBXGroup;
			children = (
				73B912C12B20ACB5003C6242 /* Controller */,
				73B912C02B20ACAC003C6242 /* Model */,
			);
			path = LoginPage;
			sourceTree = "<group>";
		};
		73B9124B2B205398003C6242 /* ProfilePage */ = {
			isa = PBXGroup;
			children = (
				734207052B04F15F0030BA37 /* ProfileViewController.swift */,
			);
			path = ProfilePage;
			sourceTree = "<group>";
		};
		73B912C02B20ACAC003C6242 /* Model */ = {
			isa = PBXGroup;
			children = (
				73B912BE2B20AC9F003C6242 /* UserInfo.swift */,
			);
			path = Model;
			sourceTree = "<group>";
		};
		73B912C12B20ACB5003C6242 /* Controller */ = {
			isa = PBXGroup;
			children = (
				734206F92B04D8190030BA37 /* LoginViewController.swift */,
			);
			path = Controller;
			sourceTree = "<group>";
		};
		73B912C22B218F34003C6242 /* MapPage */ = {
			isa = PBXGroup;
			children = (
				73B912C32B218F74003C6242 /* Controllers */,
				730A002D2B04C2D300D57D05 /* MapHomeViewController.swift */,
				734207152B0631C70030BA37 /* Views */,
			);
			path = MapPage;
			sourceTree = "<group>";
		};
		73B912C32B218F74003C6242 /* Controllers */ = {
			isa = PBXGroup;
			children = (
			);
			path = Controllers;
			sourceTree = "<group>";
		};
		73B912C82B221CBF003C6242 /* MySchedulePage */ = {
			isa = PBXGroup;
			children = (
				734207012B04F1010030BA37 /* MyScheduleViewController.swift */,
				73BC5A742B08EDE200DBB82B /* MyScheduleTableViewCell.swift */,
				73BC5A762B08EEED00DBB82B /* MyScheduleDetailViewController.swift */,
				733C7F122B0B60490097EAB1 /* MyScheduleDetailLocationNameTableViewCell.swift */,
				733C7F0C2B0A42F00097EAB1 /* MyScheduleDetailActivitiesTableViewCell.swift */,
				733C7F142B0B749B0097EAB1 /* MyScheduleDetailButtonTableViewCell.swift */,
			);
			path = MySchedulePage;
			sourceTree = "<group>";
		};
		73BC5A712B08B78100DBB82B /* Manager */ = {
			isa = PBXGroup;
			children = (
				7342070B2B05FE6F0030BA37 /* MapManager.swift */,
				734207092B05D6340030BA37 /* CoreLocationManager.swift */,
				73BC5A6F2B08B25500DBB82B /* DataManager.swift */,
				73B912C62B21B455003C6242 /* LoginManager.swift */,
			);
			path = Manager;
			sourceTree = "<group>";
		};
		9FF5495AEA066DC6BC6D8761 /* Pods */ = {
			isa = PBXGroup;
			children = (
				B2F788178EF46E0F799535FE /* Pods-Alco.Guide.debug.xcconfig */,
				A70542C8FB22292566ABD1D2 /* Pods-Alco.Guide.release.xcconfig */,
			);
			path = Pods;
			sourceTree = "<group>";
		};
/* End PBXGroup section */

/* Begin PBXNativeTarget section */
		730A00252B04C2D300D57D05 /* Alco.Guide */ = {
			isa = PBXNativeTarget;
			buildConfigurationList = 730A003A2B04C2D400D57D05 /* Build configuration list for PBXNativeTarget "Alco.Guide" */;
			buildPhases = (
				D4B0F6179A06919DFDDE0F4A /* [CP] Check Pods Manifest.lock */,
				730A00222B04C2D300D57D05 /* Sources */,
				730A00232B04C2D300D57D05 /* Frameworks */,
				730A00242B04C2D300D57D05 /* Resources */,
				734206F82B04C85F0030BA37 /* ShellScript */,
				B3EC9FC359EEC84423DB7EE3 /* [CP] Embed Pods Frameworks */,
				79BE0EBF90070B35E9AF042E /* [CP] Copy Pods Resources */,
			);
			buildRules = (
			);
			dependencies = (
			);
			name = Alco.Guide;
			packageProductDependencies = (
				73B912862B206F02003C6242 /* FirebaseAnalytics */,
				73B912882B206F02003C6242 /* FirebaseAnalyticsOnDeviceConversion */,
				73B9128A2B206F02003C6242 /* FirebaseAnalyticsSwift */,
				73B9128C2B206F02003C6242 /* FirebaseAnalyticsWithoutAdIdSupport */,
				73B9128E2B206F02003C6242 /* FirebaseAppCheck */,
				73B912902B206F02003C6242 /* FirebaseAppDistribution-Beta */,
				73B912922B206F02003C6242 /* FirebaseAuth */,
				73B912942B206F02003C6242 /* FirebaseAuthCombine-Community */,
				73B912962B206F02003C6242 /* FirebaseCrashlytics */,
				73B912982B206F02003C6242 /* FirebaseDatabase */,
				73B9129A2B206F02003C6242 /* FirebaseDatabaseSwift */,
				73B9129C2B206F02003C6242 /* FirebaseDynamicLinks */,
				73B9129E2B206F02003C6242 /* FirebaseFirestore */,
				73B912A02B206F02003C6242 /* FirebaseFirestoreCombine-Community */,
				73B912A22B206F02003C6242 /* FirebaseFirestoreSwift */,
				73B912A42B206F02003C6242 /* FirebaseFunctions */,
				73B912A62B206F02003C6242 /* FirebaseFunctionsCombine-Community */,
				73B912A82B206F02003C6242 /* FirebaseInAppMessaging-Beta */,
				73B912AA2B206F02003C6242 /* FirebaseInAppMessagingSwift-Beta */,
				73B912AC2B206F02003C6242 /* FirebaseInstallations */,
				73B912AE2B206F02003C6242 /* FirebaseMLModelDownloader */,
				73B912B02B206F02003C6242 /* FirebaseMessaging */,
				73B912B22B206F02003C6242 /* FirebasePerformance */,
				73B912B42B206F02003C6242 /* FirebaseRemoteConfig */,
				73B912B62B206F02003C6242 /* FirebaseRemoteConfigSwift */,
				73B912B82B206F02003C6242 /* FirebaseStorage */,
				73B912BA2B206F02003C6242 /* FirebaseStorageCombine-Community */,
			);
			productName = Alco.Guide;
			productReference = 730A00262B04C2D300D57D05 /* Alco.Guide.app */;
			productType = "com.apple.product-type.application";
		};
/* End PBXNativeTarget section */

/* Begin PBXProject section */
		730A001E2B04C2D300D57D05 /* Project object */ = {
			isa = PBXProject;
			attributes = {
				BuildIndependentTargetsInParallel = 1;
				LastSwiftUpdateCheck = 1500;
				LastUpgradeCheck = 1500;
				TargetAttributes = {
					730A00252B04C2D300D57D05 = {
						CreatedOnToolsVersion = 15.0.1;
					};
				};
			};
			buildConfigurationList = 730A00212B04C2D300D57D05 /* Build configuration list for PBXProject "Alco.Guide" */;
			compatibilityVersion = "Xcode 14.0";
			developmentRegion = en;
			hasScannedForEncodings = 0;
			knownRegions = (
				en,
				Base,
			);
			mainGroup = 730A001D2B04C2D300D57D05;
			packageReferences = (
				73B912852B206F02003C6242 /* XCRemoteSwiftPackageReference "firebase-ios-sdk" */,
			);
			productRefGroup = 730A00272B04C2D300D57D05 /* Products */;
			projectDirPath = "";
			projectRoot = "";
			targets = (
				730A00252B04C2D300D57D05 /* Alco.Guide */,
			);
		};
/* End PBXProject section */

/* Begin PBXResourcesBuildPhase section */
		730A00242B04C2D300D57D05 /* Resources */ = {
			isa = PBXResourcesBuildPhase;
			buildActionMask = 2147483647;
			files = (
				730A00362B04C2D400D57D05 /* LaunchScreen.storyboard in Resources */,
				73B912BD2B209D60003C6242 /* GoogleService-Info.plist in Resources */,
				730A00332B04C2D400D57D05 /* Assets.xcassets in Resources */,
				730A00312B04C2D300D57D05 /* Main.storyboard in Resources */,
			);
			runOnlyForDeploymentPostprocessing = 0;
		};
/* End PBXResourcesBuildPhase section */

/* Begin PBXShellScriptBuildPhase section */
		734206F82B04C85F0030BA37 /* ShellScript */ = {
			isa = PBXShellScriptBuildPhase;
			alwaysOutOfDate = 1;
			buildActionMask = 2147483647;
			files = (
			);
			inputFileListPaths = (
			);
			inputPaths = (
			);
			outputFileListPaths = (
			);
			outputPaths = (
			);
			runOnlyForDeploymentPostprocessing = 0;
			shellPath = /bin/sh;
			shellScript = "# Type a script or drag a script file from your workspace to insert its path.\n\n\"${PODS_ROOT}/SwiftLint/swiftlint\"\n";
		};
		79BE0EBF90070B35E9AF042E /* [CP] Copy Pods Resources */ = {
			isa = PBXShellScriptBuildPhase;
			buildActionMask = 2147483647;
			files = (
			);
			inputFileListPaths = (
				"${PODS_ROOT}/Target Support Files/Pods-Alco.Guide/Pods-Alco.Guide-resources-${CONFIGURATION}-input-files.xcfilelist",
			);
			name = "[CP] Copy Pods Resources";
			outputFileListPaths = (
				"${PODS_ROOT}/Target Support Files/Pods-Alco.Guide/Pods-Alco.Guide-resources-${CONFIGURATION}-output-files.xcfilelist",
			);
			runOnlyForDeploymentPostprocessing = 0;
			shellPath = /bin/sh;
			shellScript = "\"${PODS_ROOT}/Target Support Files/Pods-Alco.Guide/Pods-Alco.Guide-resources.sh\"\n";
			showEnvVarsInLog = 0;
		};
		B3EC9FC359EEC84423DB7EE3 /* [CP] Embed Pods Frameworks */ = {
			isa = PBXShellScriptBuildPhase;
			buildActionMask = 2147483647;
			files = (
			);
			inputFileListPaths = (
				"${PODS_ROOT}/Target Support Files/Pods-Alco.Guide/Pods-Alco.Guide-frameworks-${CONFIGURATION}-input-files.xcfilelist",
			);
			name = "[CP] Embed Pods Frameworks";
			outputFileListPaths = (
				"${PODS_ROOT}/Target Support Files/Pods-Alco.Guide/Pods-Alco.Guide-frameworks-${CONFIGURATION}-output-files.xcfilelist",
			);
			runOnlyForDeploymentPostprocessing = 0;
			shellPath = /bin/sh;
			shellScript = "\"${PODS_ROOT}/Target Support Files/Pods-Alco.Guide/Pods-Alco.Guide-frameworks.sh\"\n";
			showEnvVarsInLog = 0;
		};
		D4B0F6179A06919DFDDE0F4A /* [CP] Check Pods Manifest.lock */ = {
			isa = PBXShellScriptBuildPhase;
			buildActionMask = 2147483647;
			files = (
			);
			inputFileListPaths = (
			);
			inputPaths = (
				"${PODS_PODFILE_DIR_PATH}/Podfile.lock",
				"${PODS_ROOT}/Manifest.lock",
			);
			name = "[CP] Check Pods Manifest.lock";
			outputFileListPaths = (
			);
			outputPaths = (
				"$(DERIVED_FILE_DIR)/Pods-Alco.Guide-checkManifestLockResult.txt",
			);
			runOnlyForDeploymentPostprocessing = 0;
			shellPath = /bin/sh;
			shellScript = "diff \"${PODS_PODFILE_DIR_PATH}/Podfile.lock\" \"${PODS_ROOT}/Manifest.lock\" > /dev/null\nif [ $? != 0 ] ; then\n    # print error to STDERR\n    echo \"error: The sandbox is not in sync with the Podfile.lock. Run 'pod install' or update your CocoaPods installation.\" >&2\n    exit 1\nfi\n# This output is used by Xcode 'outputs' to avoid re-running this script phase.\necho \"SUCCESS\" > \"${SCRIPT_OUTPUT_FILE_0}\"\n";
			showEnvVarsInLog = 0;
		};
/* End PBXShellScriptBuildPhase section */

/* Begin PBXSourcesBuildPhase section */
		730A00222B04C2D300D57D05 /* Sources */ = {
			isa = PBXSourcesBuildPhase;
			buildActionMask = 2147483647;
			files = (
				7342070E2B06080A0030BA37 /* LocationDetailViewController.swift in Sources */,
				734206FA2B04D8190030BA37 /* LoginViewController.swift in Sources */,
				73BC5A732B08C96D00DBB82B /* MyScheduleCell.swift in Sources */,
				73BC5A752B08EDE200DBB82B /* MyScheduleTableViewCell.swift in Sources */,
				730A002E2B04C2D300D57D05 /* MapHomeViewController.swift in Sources */,
				733C7F0D2B0A42F00097EAB1 /* MyScheduleDetailActivitiesTableViewCell.swift in Sources */,
				730A002A2B04C2D300D57D05 /* AppDelegate.swift in Sources */,
				7342070A2B05D6340030BA37 /* CoreLocationManager.swift in Sources */,
				734207172B0631E50030BA37 /* ShareScheduleView.swift in Sources */,
				73B912C72B21B455003C6242 /* LoginManager.swift in Sources */,
				7342070C2B05FE6F0030BA37 /* MapManager.swift in Sources */,
				73BC5A6E2B07A16600DBB82B /* Model.swift in Sources */,
				734207022B04F1010030BA37 /* MyScheduleViewController.swift in Sources */,
				7342071D2B06365B0030BA37 /* JoinScheduleView.swift in Sources */,
				733C7F152B0B749B0097EAB1 /* MyScheduleDetailButtonTableViewCell.swift in Sources */,
				733C7F132B0B60490097EAB1 /* MyScheduleDetailLocationNameTableViewCell.swift in Sources */,
				73294D782B1854B500E5A0D1 /* SelectLocationView.swift in Sources */,
				73B912BF2B20AC9F003C6242 /* UserInfo.swift in Sources */,
				734207042B04F1290030BA37 /* CocktailViewController.swift in Sources */,
				734207002B04F0ED0030BA37 /* ChatViewController.swift in Sources */,
				734207062B04F15F0030BA37 /* ProfileViewController.swift in Sources */,
				7342071B2B06352B0030BA37 /* SelectScheduleView.swift in Sources */,
				73BC5A702B08B25500DBB82B /* DataManager.swift in Sources */,
				734206FE2B04EE230030BA37 /* TabBarController.swift in Sources */,
				734207192B06346C0030BA37 /* AddNewScheduleView.swift in Sources */,
				730A002C2B04C2D300D57D05 /* SceneDelegate.swift in Sources */,
				73BC5A772B08EEED00DBB82B /* MyScheduleDetailViewController.swift in Sources */,
				734206FC2B04D99D0030BA37 /* UIColor+Extension.swift in Sources */,
			);
			runOnlyForDeploymentPostprocessing = 0;
		};
/* End PBXSourcesBuildPhase section */

/* Begin PBXVariantGroup section */
		730A002F2B04C2D300D57D05 /* Main.storyboard */ = {
			isa = PBXVariantGroup;
			children = (
				730A00302B04C2D300D57D05 /* Base */,
			);
			name = Main.storyboard;
			sourceTree = "<group>";
		};
		730A00342B04C2D400D57D05 /* LaunchScreen.storyboard */ = {
			isa = PBXVariantGroup;
			children = (
				730A00352B04C2D400D57D05 /* Base */,
			);
			name = LaunchScreen.storyboard;
			sourceTree = "<group>";
		};
/* End PBXVariantGroup section */

/* Begin XCBuildConfiguration section */
		730A00382B04C2D400D57D05 /* Debug */ = {
			isa = XCBuildConfiguration;
			buildSettings = {
				ALWAYS_SEARCH_USER_PATHS = NO;
				ASSETCATALOG_COMPILER_GENERATE_SWIFT_ASSET_SYMBOL_EXTENSIONS = YES;
				CLANG_ANALYZER_NONNULL = YES;
				CLANG_ANALYZER_NUMBER_OBJECT_CONVERSION = YES_AGGRESSIVE;
				CLANG_CXX_LANGUAGE_STANDARD = "gnu++20";
				CLANG_ENABLE_MODULES = YES;
				CLANG_ENABLE_OBJC_ARC = YES;
				CLANG_ENABLE_OBJC_WEAK = YES;
				CLANG_WARN_BLOCK_CAPTURE_AUTORELEASING = YES;
				CLANG_WARN_BOOL_CONVERSION = YES;
				CLANG_WARN_COMMA = YES;
				CLANG_WARN_CONSTANT_CONVERSION = YES;
				CLANG_WARN_DEPRECATED_OBJC_IMPLEMENTATIONS = YES;
				CLANG_WARN_DIRECT_OBJC_ISA_USAGE = YES_ERROR;
				CLANG_WARN_DOCUMENTATION_COMMENTS = YES;
				CLANG_WARN_EMPTY_BODY = YES;
				CLANG_WARN_ENUM_CONVERSION = YES;
				CLANG_WARN_INFINITE_RECURSION = YES;
				CLANG_WARN_INT_CONVERSION = YES;
				CLANG_WARN_NON_LITERAL_NULL_CONVERSION = YES;
				CLANG_WARN_OBJC_IMPLICIT_RETAIN_SELF = YES;
				CLANG_WARN_OBJC_LITERAL_CONVERSION = YES;
				CLANG_WARN_OBJC_ROOT_CLASS = YES_ERROR;
				CLANG_WARN_QUOTED_INCLUDE_IN_FRAMEWORK_HEADER = YES;
				CLANG_WARN_RANGE_LOOP_ANALYSIS = YES;
				CLANG_WARN_STRICT_PROTOTYPES = YES;
				CLANG_WARN_SUSPICIOUS_MOVE = YES;
				CLANG_WARN_UNGUARDED_AVAILABILITY = YES_AGGRESSIVE;
				CLANG_WARN_UNREACHABLE_CODE = YES;
				CLANG_WARN__DUPLICATE_METHOD_MATCH = YES;
				COPY_PHASE_STRIP = NO;
				DEBUG_INFORMATION_FORMAT = dwarf;
				ENABLE_STRICT_OBJC_MSGSEND = YES;
				ENABLE_TESTABILITY = YES;
				ENABLE_USER_SCRIPT_SANDBOXING = YES;
				GCC_C_LANGUAGE_STANDARD = gnu17;
				GCC_DYNAMIC_NO_PIC = NO;
				GCC_NO_COMMON_BLOCKS = YES;
				GCC_OPTIMIZATION_LEVEL = 0;
				GCC_PREPROCESSOR_DEFINITIONS = (
					"DEBUG=1",
					"$(inherited)",
				);
				GCC_WARN_64_TO_32_BIT_CONVERSION = YES;
				GCC_WARN_ABOUT_RETURN_TYPE = YES_ERROR;
				GCC_WARN_UNDECLARED_SELECTOR = YES;
				GCC_WARN_UNINITIALIZED_AUTOS = YES_AGGRESSIVE;
				GCC_WARN_UNUSED_FUNCTION = YES;
				GCC_WARN_UNUSED_VARIABLE = YES;
				IPHONEOS_DEPLOYMENT_TARGET = 17.0;
				LOCALIZATION_PREFERS_STRING_CATALOGS = YES;
				MTL_ENABLE_DEBUG_INFO = INCLUDE_SOURCE;
				MTL_FAST_MATH = YES;
				ONLY_ACTIVE_ARCH = YES;
				SDKROOT = iphoneos;
				SWIFT_ACTIVE_COMPILATION_CONDITIONS = "DEBUG $(inherited)";
				SWIFT_OPTIMIZATION_LEVEL = "-Onone";
			};
			name = Debug;
		};
		730A00392B04C2D400D57D05 /* Release */ = {
			isa = XCBuildConfiguration;
			buildSettings = {
				ALWAYS_SEARCH_USER_PATHS = NO;
				ASSETCATALOG_COMPILER_GENERATE_SWIFT_ASSET_SYMBOL_EXTENSIONS = YES;
				CLANG_ANALYZER_NONNULL = YES;
				CLANG_ANALYZER_NUMBER_OBJECT_CONVERSION = YES_AGGRESSIVE;
				CLANG_CXX_LANGUAGE_STANDARD = "gnu++20";
				CLANG_ENABLE_MODULES = YES;
				CLANG_ENABLE_OBJC_ARC = YES;
				CLANG_ENABLE_OBJC_WEAK = YES;
				CLANG_WARN_BLOCK_CAPTURE_AUTORELEASING = YES;
				CLANG_WARN_BOOL_CONVERSION = YES;
				CLANG_WARN_COMMA = YES;
				CLANG_WARN_CONSTANT_CONVERSION = YES;
				CLANG_WARN_DEPRECATED_OBJC_IMPLEMENTATIONS = YES;
				CLANG_WARN_DIRECT_OBJC_ISA_USAGE = YES_ERROR;
				CLANG_WARN_DOCUMENTATION_COMMENTS = YES;
				CLANG_WARN_EMPTY_BODY = YES;
				CLANG_WARN_ENUM_CONVERSION = YES;
				CLANG_WARN_INFINITE_RECURSION = YES;
				CLANG_WARN_INT_CONVERSION = YES;
				CLANG_WARN_NON_LITERAL_NULL_CONVERSION = YES;
				CLANG_WARN_OBJC_IMPLICIT_RETAIN_SELF = YES;
				CLANG_WARN_OBJC_LITERAL_CONVERSION = YES;
				CLANG_WARN_OBJC_ROOT_CLASS = YES_ERROR;
				CLANG_WARN_QUOTED_INCLUDE_IN_FRAMEWORK_HEADER = YES;
				CLANG_WARN_RANGE_LOOP_ANALYSIS = YES;
				CLANG_WARN_STRICT_PROTOTYPES = YES;
				CLANG_WARN_SUSPICIOUS_MOVE = YES;
				CLANG_WARN_UNGUARDED_AVAILABILITY = YES_AGGRESSIVE;
				CLANG_WARN_UNREACHABLE_CODE = YES;
				CLANG_WARN__DUPLICATE_METHOD_MATCH = YES;
				COPY_PHASE_STRIP = NO;
				DEBUG_INFORMATION_FORMAT = "dwarf-with-dsym";
				ENABLE_NS_ASSERTIONS = NO;
				ENABLE_STRICT_OBJC_MSGSEND = YES;
				ENABLE_USER_SCRIPT_SANDBOXING = YES;
				GCC_C_LANGUAGE_STANDARD = gnu17;
				GCC_NO_COMMON_BLOCKS = YES;
				GCC_WARN_64_TO_32_BIT_CONVERSION = YES;
				GCC_WARN_ABOUT_RETURN_TYPE = YES_ERROR;
				GCC_WARN_UNDECLARED_SELECTOR = YES;
				GCC_WARN_UNINITIALIZED_AUTOS = YES_AGGRESSIVE;
				GCC_WARN_UNUSED_FUNCTION = YES;
				GCC_WARN_UNUSED_VARIABLE = YES;
				IPHONEOS_DEPLOYMENT_TARGET = 17.0;
				LOCALIZATION_PREFERS_STRING_CATALOGS = YES;
				MTL_ENABLE_DEBUG_INFO = NO;
				MTL_FAST_MATH = YES;
				SDKROOT = iphoneos;
				SWIFT_COMPILATION_MODE = wholemodule;
				VALIDATE_PRODUCT = YES;
			};
			name = Release;
		};
		730A003B2B04C2D400D57D05 /* Debug */ = {
			isa = XCBuildConfiguration;
			baseConfigurationReference = B2F788178EF46E0F799535FE /* Pods-Alco.Guide.debug.xcconfig */;
			buildSettings = {
				ASSETCATALOG_COMPILER_APPICON_NAME = AppIcon;
				ASSETCATALOG_COMPILER_GLOBAL_ACCENT_COLOR_NAME = AccentColor;
				CODE_SIGN_STYLE = Automatic;
				CURRENT_PROJECT_VERSION = 1;
				DEVELOPMENT_TEAM = 6W8L9Q365N;
				ENABLE_USER_SCRIPT_SANDBOXING = NO;
				GENERATE_INFOPLIST_FILE = YES;
				INFOPLIST_FILE = Alco.Guide/Info.plist;
				INFOPLIST_KEY_NSLocationAlwaysAndWhenInUseUsageDescription = "";
				INFOPLIST_KEY_NSLocationWhenInUseUsageDescription = "";
				INFOPLIST_KEY_UIApplicationSupportsIndirectInputEvents = YES;
				INFOPLIST_KEY_UILaunchStoryboardName = LaunchScreen;
				INFOPLIST_KEY_UIMainStoryboardFile = Main;
				INFOPLIST_KEY_UISupportedInterfaceOrientations = UIInterfaceOrientationPortrait;
				IPHONEOS_DEPLOYMENT_TARGET = 16.0;
				LD_RUNPATH_SEARCH_PATHS = (
					"$(inherited)",
					"@executable_path/Frameworks",
				);
				MARKETING_VERSION = 1.0;
				PRODUCT_BUNDLE_IDENTIFIER = "com.raychang.Alco-Guide";
				PRODUCT_NAME = "$(TARGET_NAME)";
				SWIFT_EMIT_LOC_STRINGS = YES;
				SWIFT_VERSION = 5.0;
				TARGETED_DEVICE_FAMILY = "1,2";
			};
			name = Debug;
		};
		730A003C2B04C2D400D57D05 /* Release */ = {
			isa = XCBuildConfiguration;
			baseConfigurationReference = A70542C8FB22292566ABD1D2 /* Pods-Alco.Guide.release.xcconfig */;
			buildSettings = {
				ASSETCATALOG_COMPILER_APPICON_NAME = AppIcon;
				ASSETCATALOG_COMPILER_GLOBAL_ACCENT_COLOR_NAME = AccentColor;
				CODE_SIGN_STYLE = Automatic;
				CURRENT_PROJECT_VERSION = 1;
				DEVELOPMENT_TEAM = 6W8L9Q365N;
				ENABLE_USER_SCRIPT_SANDBOXING = NO;
				GENERATE_INFOPLIST_FILE = YES;
				INFOPLIST_FILE = Alco.Guide/Info.plist;
				INFOPLIST_KEY_NSLocationAlwaysAndWhenInUseUsageDescription = "";
				INFOPLIST_KEY_NSLocationWhenInUseUsageDescription = "";
				INFOPLIST_KEY_UIApplicationSupportsIndirectInputEvents = YES;
				INFOPLIST_KEY_UILaunchStoryboardName = LaunchScreen;
				INFOPLIST_KEY_UIMainStoryboardFile = Main;
				INFOPLIST_KEY_UISupportedInterfaceOrientations = UIInterfaceOrientationPortrait;
				IPHONEOS_DEPLOYMENT_TARGET = 16.0;
				LD_RUNPATH_SEARCH_PATHS = (
					"$(inherited)",
					"@executable_path/Frameworks",
				);
				MARKETING_VERSION = 1.0;
				PRODUCT_BUNDLE_IDENTIFIER = "com.raychang.Alco-Guide";
				PRODUCT_NAME = "$(TARGET_NAME)";
				SWIFT_EMIT_LOC_STRINGS = YES;
				SWIFT_VERSION = 5.0;
				TARGETED_DEVICE_FAMILY = "1,2";
			};
			name = Release;
		};
/* End XCBuildConfiguration section */

/* Begin XCConfigurationList section */
		730A00212B04C2D300D57D05 /* Build configuration list for PBXProject "Alco.Guide" */ = {
			isa = XCConfigurationList;
			buildConfigurations = (
				730A00382B04C2D400D57D05 /* Debug */,
				730A00392B04C2D400D57D05 /* Release */,
			);
			defaultConfigurationIsVisible = 0;
			defaultConfigurationName = Release;
		};
		730A003A2B04C2D400D57D05 /* Build configuration list for PBXNativeTarget "Alco.Guide" */ = {
			isa = XCConfigurationList;
			buildConfigurations = (
				730A003B2B04C2D400D57D05 /* Debug */,
				730A003C2B04C2D400D57D05 /* Release */,
			);
			defaultConfigurationIsVisible = 0;
			defaultConfigurationName = Release;
		};
/* End XCConfigurationList section */

/* Begin XCRemoteSwiftPackageReference section */
		73B912852B206F02003C6242 /* XCRemoteSwiftPackageReference "firebase-ios-sdk" */ = {
			isa = XCRemoteSwiftPackageReference;
			repositoryURL = "https://github.com/firebase/firebase-ios-sdk";
			requirement = {
				kind = upToNextMajorVersion;
				minimumVersion = 10.19.0;
			};
		};
/* End XCRemoteSwiftPackageReference section */

/* Begin XCSwiftPackageProductDependency section */
		73B912862B206F02003C6242 /* FirebaseAnalytics */ = {
			isa = XCSwiftPackageProductDependency;
			package = 73B912852B206F02003C6242 /* XCRemoteSwiftPackageReference "firebase-ios-sdk" */;
			productName = FirebaseAnalytics;
		};
		73B912882B206F02003C6242 /* FirebaseAnalyticsOnDeviceConversion */ = {
			isa = XCSwiftPackageProductDependency;
			package = 73B912852B206F02003C6242 /* XCRemoteSwiftPackageReference "firebase-ios-sdk" */;
			productName = FirebaseAnalyticsOnDeviceConversion;
		};
		73B9128A2B206F02003C6242 /* FirebaseAnalyticsSwift */ = {
			isa = XCSwiftPackageProductDependency;
			package = 73B912852B206F02003C6242 /* XCRemoteSwiftPackageReference "firebase-ios-sdk" */;
			productName = FirebaseAnalyticsSwift;
		};
		73B9128C2B206F02003C6242 /* FirebaseAnalyticsWithoutAdIdSupport */ = {
			isa = XCSwiftPackageProductDependency;
			package = 73B912852B206F02003C6242 /* XCRemoteSwiftPackageReference "firebase-ios-sdk" */;
			productName = FirebaseAnalyticsWithoutAdIdSupport;
		};
		73B9128E2B206F02003C6242 /* FirebaseAppCheck */ = {
			isa = XCSwiftPackageProductDependency;
			package = 73B912852B206F02003C6242 /* XCRemoteSwiftPackageReference "firebase-ios-sdk" */;
			productName = FirebaseAppCheck;
		};
		73B912902B206F02003C6242 /* FirebaseAppDistribution-Beta */ = {
			isa = XCSwiftPackageProductDependency;
			package = 73B912852B206F02003C6242 /* XCRemoteSwiftPackageReference "firebase-ios-sdk" */;
			productName = "FirebaseAppDistribution-Beta";
		};
		73B912922B206F02003C6242 /* FirebaseAuth */ = {
			isa = XCSwiftPackageProductDependency;
			package = 73B912852B206F02003C6242 /* XCRemoteSwiftPackageReference "firebase-ios-sdk" */;
			productName = FirebaseAuth;
		};
		73B912942B206F02003C6242 /* FirebaseAuthCombine-Community */ = {
			isa = XCSwiftPackageProductDependency;
			package = 73B912852B206F02003C6242 /* XCRemoteSwiftPackageReference "firebase-ios-sdk" */;
			productName = "FirebaseAuthCombine-Community";
		};
		73B912962B206F02003C6242 /* FirebaseCrashlytics */ = {
			isa = XCSwiftPackageProductDependency;
			package = 73B912852B206F02003C6242 /* XCRemoteSwiftPackageReference "firebase-ios-sdk" */;
			productName = FirebaseCrashlytics;
		};
		73B912982B206F02003C6242 /* FirebaseDatabase */ = {
			isa = XCSwiftPackageProductDependency;
			package = 73B912852B206F02003C6242 /* XCRemoteSwiftPackageReference "firebase-ios-sdk" */;
			productName = FirebaseDatabase;
		};
		73B9129A2B206F02003C6242 /* FirebaseDatabaseSwift */ = {
			isa = XCSwiftPackageProductDependency;
			package = 73B912852B206F02003C6242 /* XCRemoteSwiftPackageReference "firebase-ios-sdk" */;
			productName = FirebaseDatabaseSwift;
		};
		73B9129C2B206F02003C6242 /* FirebaseDynamicLinks */ = {
			isa = XCSwiftPackageProductDependency;
			package = 73B912852B206F02003C6242 /* XCRemoteSwiftPackageReference "firebase-ios-sdk" */;
			productName = FirebaseDynamicLinks;
		};
		73B9129E2B206F02003C6242 /* FirebaseFirestore */ = {
			isa = XCSwiftPackageProductDependency;
			package = 73B912852B206F02003C6242 /* XCRemoteSwiftPackageReference "firebase-ios-sdk" */;
			productName = FirebaseFirestore;
		};
		73B912A02B206F02003C6242 /* FirebaseFirestoreCombine-Community */ = {
			isa = XCSwiftPackageProductDependency;
			package = 73B912852B206F02003C6242 /* XCRemoteSwiftPackageReference "firebase-ios-sdk" */;
			productName = "FirebaseFirestoreCombine-Community";
		};
		73B912A22B206F02003C6242 /* FirebaseFirestoreSwift */ = {
			isa = XCSwiftPackageProductDependency;
			package = 73B912852B206F02003C6242 /* XCRemoteSwiftPackageReference "firebase-ios-sdk" */;
			productName = FirebaseFirestoreSwift;
		};
		73B912A42B206F02003C6242 /* FirebaseFunctions */ = {
			isa = XCSwiftPackageProductDependency;
			package = 73B912852B206F02003C6242 /* XCRemoteSwiftPackageReference "firebase-ios-sdk" */;
			productName = FirebaseFunctions;
		};
		73B912A62B206F02003C6242 /* FirebaseFunctionsCombine-Community */ = {
			isa = XCSwiftPackageProductDependency;
			package = 73B912852B206F02003C6242 /* XCRemoteSwiftPackageReference "firebase-ios-sdk" */;
			productName = "FirebaseFunctionsCombine-Community";
		};
		73B912A82B206F02003C6242 /* FirebaseInAppMessaging-Beta */ = {
			isa = XCSwiftPackageProductDependency;
			package = 73B912852B206F02003C6242 /* XCRemoteSwiftPackageReference "firebase-ios-sdk" */;
			productName = "FirebaseInAppMessaging-Beta";
		};
		73B912AA2B206F02003C6242 /* FirebaseInAppMessagingSwift-Beta */ = {
			isa = XCSwiftPackageProductDependency;
			package = 73B912852B206F02003C6242 /* XCRemoteSwiftPackageReference "firebase-ios-sdk" */;
			productName = "FirebaseInAppMessagingSwift-Beta";
		};
		73B912AC2B206F02003C6242 /* FirebaseInstallations */ = {
			isa = XCSwiftPackageProductDependency;
			package = 73B912852B206F02003C6242 /* XCRemoteSwiftPackageReference "firebase-ios-sdk" */;
			productName = FirebaseInstallations;
		};
		73B912AE2B206F02003C6242 /* FirebaseMLModelDownloader */ = {
			isa = XCSwiftPackageProductDependency;
			package = 73B912852B206F02003C6242 /* XCRemoteSwiftPackageReference "firebase-ios-sdk" */;
			productName = FirebaseMLModelDownloader;
		};
		73B912B02B206F02003C6242 /* FirebaseMessaging */ = {
			isa = XCSwiftPackageProductDependency;
			package = 73B912852B206F02003C6242 /* XCRemoteSwiftPackageReference "firebase-ios-sdk" */;
			productName = FirebaseMessaging;
		};
		73B912B22B206F02003C6242 /* FirebasePerformance */ = {
			isa = XCSwiftPackageProductDependency;
			package = 73B912852B206F02003C6242 /* XCRemoteSwiftPackageReference "firebase-ios-sdk" */;
			productName = FirebasePerformance;
		};
		73B912B42B206F02003C6242 /* FirebaseRemoteConfig */ = {
			isa = XCSwiftPackageProductDependency;
			package = 73B912852B206F02003C6242 /* XCRemoteSwiftPackageReference "firebase-ios-sdk" */;
			productName = FirebaseRemoteConfig;
		};
		73B912B62B206F02003C6242 /* FirebaseRemoteConfigSwift */ = {
			isa = XCSwiftPackageProductDependency;
			package = 73B912852B206F02003C6242 /* XCRemoteSwiftPackageReference "firebase-ios-sdk" */;
			productName = FirebaseRemoteConfigSwift;
		};
		73B912B82B206F02003C6242 /* FirebaseStorage */ = {
			isa = XCSwiftPackageProductDependency;
			package = 73B912852B206F02003C6242 /* XCRemoteSwiftPackageReference "firebase-ios-sdk" */;
			productName = FirebaseStorage;
		};
		73B912BA2B206F02003C6242 /* FirebaseStorageCombine-Community */ = {
			isa = XCSwiftPackageProductDependency;
			package = 73B912852B206F02003C6242 /* XCRemoteSwiftPackageReference "firebase-ios-sdk" */;
			productName = "FirebaseStorageCombine-Community";
		};
/* End XCSwiftPackageProductDependency section */
	};
	rootObject = 730A001E2B04C2D300D57D05 /* Project object */;
}
